Microsoft Visual Studio Solution File, Format Version 12.00
# Visual Studio Version 17
VisualStudioVersion = 17.5.2.0
MinimumVisualStudioVersion = 10.0.40219.1
Project("{FAE04EC0-301F-11D3-BF4B-00C04F79EFBC}") = "CQRSBookStore", "CQRSBookStore.csproj", "{80FCB67B-7079-9A5D-5DEB-C073DC797934}"
EndProject
Global
	GlobalSection(SolutionConfigurationPlatforms) = preSolution
		Debug|Any CPU = Debug|Any CPU
		Release|Any CPU = Release|Any CPU
	EndGlobalSection
	GlobalSection(ProjectConfigurationPlatforms) = postSolution
		{80FCB67B-7079-9A5D-5DEB-C073DC797934}.Debug|Any CPU.ActiveCfg = Debug|Any CPU
		{80FCB67B-7079-9A5D-5DEB-C073DC797934}.Debug|Any CPU.Build.0 = Debug|Any CPU
		{80FCB67B-7079-9A5D-5DEB-C073DC797934}.Release|Any CPU.ActiveCfg = Release|Any CPU
		{80FCB67B-7079-9A5D-5DEB-C073DC797934}.Release|Any CPU.Build.0 = Release|Any CPU
	EndGlobalSection
	GlobalSection(SolutionProperties) = preSolution
		HideSolutionNode = FALSE
	EndGlobalSection
	GlobalSection(ExtensibilityGlobals) = postSolution
		SolutionGuid = {5C8EE71A-250F-4189-A8B4-04ABAC94E058}
	EndGlobalSection
EndGlobal
